
Microsoft Visual Studio Solution File, Format Version 12.00
# Visual Studio 15
VisualStudioVersion = 15.0.28307.572
MinimumVisualStudioVersion = 10.0.40219.1
Project("{9A19103F-16F7-4668-BE54-9A1E7A4F7556}") = "U3DSpace", "U3DSpace\U3DSpace.csproj", "{329D4140-073D-44B4-906A-1399DC0F40B3}"
EndProject
Project("{FAE04EC0-301F-11D3-BF4B-00C04F79EFBC}") = "Textured_Rubik_s_Cube", "Samples\Textured_Rubik_s_Cube\Textured_Rubik_s_Cube.csproj", "{F5996E11-9E14-4C5A-8D7C-0ED989D54503}"
EndProject
Global
	GlobalSection(SolutionConfigurationPlatforms) = preSolution
		Debug|Any CPU = Debug|Any CPU
		Release|Any CPU = Release|Any CPU
	EndGlobalSection
	GlobalSection(ProjectConfigurationPlatforms) = postSolution
		{329D4140-073D-44B4-906A-1399DC0F40B3}.Debug|Any CPU.ActiveCfg = Debug|Any CPU
		{329D4140-073D-44B4-906A-1399DC0F40B3}.Debug|Any CPU.Build.0 = Debug|Any CPU
		{329D4140-073D-44B4-906A-1399DC0F40B3}.Release|Any CPU.ActiveCfg = Release|Any CPU
		{329D4140-073D-44B4-906A-1399DC0F40B3}.Release|Any CPU.Build.0 = Release|Any CPU
		{F5996E11-9E14-4C5A-8D7C-0ED989D54503}.Debug|Any CPU.ActiveCfg = Debug|Any CPU
		{F5996E11-9E14-4C5A-8D7C-0ED989D54503}.Debug|Any CPU.Build.0 = Debug|Any CPU
		{F5996E11-9E14-4C5A-8D7C-0ED989D54503}.Release|Any CPU.ActiveCfg = Release|Any CPU
		{F5996E11-9E14-4C5A-8D7C-0ED989D54503}.Release|Any CPU.Build.0 = Release|Any CPU
	EndGlobalSection
	GlobalSection(SolutionProperties) = preSolution
		HideSolutionNode = FALSE
	EndGlobalSection
	GlobalSection(ExtensibilityGlobals) = postSolution
		SolutionGuid = {6BDD804A-DF37-4E6D-9128-6EB8F3B983BE}
	EndGlobalSection
EndGlobal
